
Microsoft Visual Studio Solution File, Format Version 12.00
Project("{FAE04EC0-301F-11D3-BF4B-00C04F79EFBC}") = "Production", "Production\Production.csproj", "{DBD41E60-6048-4C3D-9D75-AA71E44F7062}"
EndProject
Global
	GlobalSection(SolutionConfigurationPlatforms) = preSolution
		Debug|Any CPU = Debug|Any CPU
		Release|Any CPU = Release|Any CPU
	EndGlobalSection
	GlobalSection(ProjectConfigurationPlatforms) = postSolution
		{DBD41E60-6048-4C3D-9D75-AA71E44F7062}.Debug|Any CPU.ActiveCfg = Debug|Any CPU
		{DBD41E60-6048-4C3D-9D75-AA71E44F7062}.Debug|Any CPU.Build.0 = Debug|Any CPU
		{DBD41E60-6048-4C3D-9D75-AA71E44F7062}.Release|Any CPU.ActiveCfg = Release|Any CPU
		{DBD41E60-6048-4C3D-9D75-AA71E44F7062}.Release|Any CPU.Build.0 = Release|Any CPU
	EndGlobalSection
EndGlobal
